
Microsoft Visual Studio Solution File, Format Version 12.00
# Visual Studio Version 17
VisualStudioVersion = 17.8.34525.116
MinimumVisualStudioVersion = 10.0.40219.1
Project("{FAE04EC0-301F-11D3-BF4B-00C04F79EFBC}") = "NLayer.Core", "NLayer.Core\NLayer.Core.csproj", "{EC894CEC-B8AA-4E98-B62F-3C0D36F36589}"
EndProject
Project("{FAE04EC0-301F-11D3-BF4B-00C04F79EFBC}") = "NLayer.Repository", "NLayer.Repository\NLayer.Repository.csproj", "{B250F32A-FEEC-4C65-8170-0DFB70D50CE2}"
EndProject
Project("{FAE04EC0-301F-11D3-BF4B-00C04F79EFBC}") = "NLayer.Service", "NLayer.Service\NLayer.Service.csproj", "{3898D745-6E25-4AFE-86D5-1485CD109248}"
EndProject
Project("{FAE04EC0-301F-11D3-BF4B-00C04F79EFBC}") = "NLayer.API", "NLayer.API\NLayer.API.csproj", "{274FC965-E324-4C04-BC53-14E00387ED96}"
EndProject
Project("{FAE04EC0-301F-11D3-BF4B-00C04F79EFBC}") = "NLayer.Caching", "NLayer.Caching\NLayer.Caching.csproj", "{7C544269-B43A-4C20-8995-75EF1D8642E7}"
EndProject
Global
	GlobalSection(SolutionConfigurationPlatforms) = preSolution
		Debug|Any CPU = Debug|Any CPU
		Release|Any CPU = Release|Any CPU
	EndGlobalSection
	GlobalSection(ProjectConfigurationPlatforms) = postSolution
		{EC894CEC-B8AA-4E98-B62F-3C0D36F36589}.Debug|Any CPU.ActiveCfg = Debug|Any CPU
		{EC894CEC-B8AA-4E98-B62F-3C0D36F36589}.Debug|Any CPU.Build.0 = Debug|Any CPU
		{EC894CEC-B8AA-4E98-B62F-3C0D36F36589}.Release|Any CPU.ActiveCfg = Release|Any CPU
		{EC894CEC-B8AA-4E98-B62F-3C0D36F36589}.Release|Any CPU.Build.0 = Release|Any CPU
		{B250F32A-FEEC-4C65-8170-0DFB70D50CE2}.Debug|Any CPU.ActiveCfg = Debug|Any CPU
		{B250F32A-FEEC-4C65-8170-0DFB70D50CE2}.Debug|Any CPU.Build.0 = Debug|Any CPU
		{B250F32A-FEEC-4C65-8170-0DFB70D50CE2}.Release|Any CPU.ActiveCfg = Release|Any CPU
		{B250F32A-FEEC-4C65-8170-0DFB70D50CE2}.Release|Any CPU.Build.0 = Release|Any CPU
		{3898D745-6E25-4AFE-86D5-1485CD109248}.Debug|Any CPU.ActiveCfg = Debug|Any CPU
		{3898D745-6E25-4AFE-86D5-1485CD109248}.Debug|Any CPU.Build.0 = Debug|Any CPU
		{3898D745-6E25-4AFE-86D5-1485CD109248}.Release|Any CPU.ActiveCfg = Release|Any CPU
		{3898D745-6E25-4AFE-86D5-1485CD109248}.Release|Any CPU.Build.0 = Release|Any CPU
		{274FC965-E324-4C04-BC53-14E00387ED96}.Debug|Any CPU.ActiveCfg = Debug|Any CPU
		{274FC965-E324-4C04-BC53-14E00387ED96}.Debug|Any CPU.Build.0 = Debug|Any CPU
		{274FC965-E324-4C04-BC53-14E00387ED96}.Release|Any CPU.ActiveCfg = Release|Any CPU
		{274FC965-E324-4C04-BC53-14E00387ED96}.Release|Any CPU.Build.0 = Release|Any CPU
		{7C544269-B43A-4C20-8995-75EF1D8642E7}.Debug|Any CPU.ActiveCfg = Debug|Any CPU
		{7C544269-B43A-4C20-8995-75EF1D8642E7}.Debug|Any CPU.Build.0 = Debug|Any CPU
		{7C544269-B43A-4C20-8995-75EF1D8642E7}.Release|Any CPU.ActiveCfg = Release|Any CPU
		{7C544269-B43A-4C20-8995-75EF1D8642E7}.Release|Any CPU.Build.0 = Release|Any CPU
	EndGlobalSection
	GlobalSection(SolutionProperties) = preSolution
		HideSolutionNode = FALSE
	EndGlobalSection
	GlobalSection(ExtensibilityGlobals) = postSolution
		SolutionGuid = {B1EB5981-C770-4B34-BC73-EA261E44F414}
	EndGlobalSection
EndGlobal
